// !$*UTF8*$!
{
	archiveVersion = 1;
	classes = {
	};
	objectVersion = 50;
	objects = {

/* Begin PBXBuildFile section */
		0E7AE02C25D248ED00C8CB6C /* AppDelegate.swift in Sources */ = {isa = PBXBuildFile; fileRef = 0E7AE02B25D248ED00C8CB6C /* AppDelegate.swift */; };
		0E7AE02E25D248ED00C8CB6C /* SceneDelegate.swift in Sources */ = {isa = PBXBuildFile; fileRef = 0E7AE02D25D248ED00C8CB6C /* SceneDelegate.swift */; };
		0E7AE03025D248ED00C8CB6C /* VideoChatViewController.swift in Sources */ = {isa = PBXBuildFile; fileRef = 0E7AE02F25D248ED00C8CB6C /* VideoChatViewController.swift */; };
		0E7AE03325D248ED00C8CB6C /* Main.storyboard in Resources */ = {isa = PBXBuildFile; fileRef = 0E7AE03125D248ED00C8CB6C /* Main.storyboard */; };
		0E7AE03525D248EF00C8CB6C /* Assets.xcassets in Resources */ = {isa = PBXBuildFile; fileRef = 0E7AE03425D248EF00C8CB6C /* Assets.xcassets */; };
		0E7AE03825D248EF00C8CB6C /* LaunchScreen.storyboard in Resources */ = {isa = PBXBuildFile; fileRef = 0E7AE03625D248EF00C8CB6C /* LaunchScreen.storyboard */; };
		C77951E3AB031709900823DE /* Pods_SampleVideoChat.framework in Frameworks */ = {isa = PBXBuildFile; fileRef = 75744A1CBE4A4FC5CBC7F229 /* Pods_SampleVideoChat.framework */; };
/* End PBXBuildFile section */

/* Begin PBXFileReference section */
		0E7AE02825D248ED00C8CB6C /* SampleVideoChat.app */ = {isa = PBXFileReference; explicitFileType = wrapper.application; includeInIndex = 0; path = SampleVideoChat.app; sourceTree = BUILT_PRODUCTS_DIR; };
		0E7AE02B25D248ED00C8CB6C /* AppDelegate.swift */ = {isa = PBXFileReference; lastKnownFileType = sourcecode.swift; path = AppDelegate.swift; sourceTree = "<group>"; };
		0E7AE02D25D248ED00C8CB6C /* SceneDelegate.swift */ = {isa = PBXFileReference; lastKnownFileType = sourcecode.swift; path = SceneDelegate.swift; sourceTree = "<group>"; };
		0E7AE02F25D248ED00C8CB6C /* VideoChatViewController.swift */ = {isa = PBXFileReference; lastKnownFileType = sourcecode.swift; path = VideoChatViewController.swift; sourceTree = "<group>"; };
		0E7AE03225D248ED00C8CB6C /* Base */ = {isa = PBXFileReference; lastKnownFileType = file.storyboard; name = Base; path = Base.lproj/Main.storyboard; sourceTree = "<group>"; };
		0E7AE03425D248EF00C8CB6C /* Assets.xcassets */ = {isa = PBXFileReference; lastKnownFileType = folder.assetcatalog; path = Assets.xcassets; sourceTree = "<group>"; };
		0E7AE03725D248EF00C8CB6C /* Base */ = {isa = PBXFileReference; lastKnownFileType = file.storyboard; name = Base; path = Base.lproj/LaunchScreen.storyboard; sourceTree = "<group>"; };
		0E7AE03925D248EF00C8CB6C /* Info.plist */ = {isa = PBXFileReference; lastKnownFileType = text.plist.xml; path = Info.plist; sourceTree = "<group>"; };
		245F5C2E64E852959A556FC0 /* Pods-SampleVideoChat.debug.xcconfig */ = {isa = PBXFileReference; includeInIndex = 1; lastKnownFileType = text.xcconfig; name = "Pods-SampleVideoChat.debug.xcconfig"; path = "Target Support Files/Pods-SampleVideoChat/Pods-SampleVideoChat.debug.xcconfig"; sourceTree = "<group>"; };
		75744A1CBE4A4FC5CBC7F229 /* Pods_SampleVideoChat.framework */ = {isa = PBXFileReference; explicitFileType = wrapper.framework; includeInIndex = 0; path = Pods_SampleVideoChat.framework; sourceTree = BUILT_PRODUCTS_DIR; };
		BD0E19AD96BAC3CCADC8B6C1 /* Pods-SampleVideoChat.release.xcconfig */ = {isa = PBXFileReference; includeInIndex = 1; lastKnownFileType = text.xcconfig; name = "Pods-SampleVideoChat.release.xcconfig"; path = "Target Support Files/Pods-SampleVideoChat/Pods-SampleVideoChat.release.xcconfig"; sourceTree = "<group>"; };
/* End PBXFileReference section */

/* Begin PBXFrameworksBuildPhase section */
		0E7AE02525D248ED00C8CB6C /* Frameworks */ = {
			isa = PBXFrameworksBuildPhase;
			buildActionMask = 2147483647;
			files = (
				C77951E3AB031709900823DE /* Pods_SampleVideoChat.framework in Frameworks */,
			);
			runOnlyForDeploymentPostprocessing = 0;
		};
/* End PBXFrameworksBuildPhase section */

/* Begin PBXGroup section */
		0E7AE01F25D248ED00C8CB6C = {
			isa = PBXGroup;
			children = (
				0E7AE02A25D248ED00C8CB6C /* SampleVideoChat */,
				0E7AE02925D248ED00C8CB6C /* Products */,
				6DB3903237A8C08BC5AFE84F /* Pods */,
				731055E014F9245E6C5BEAC2 /* Frameworks */,
			);
			sourceTree = "<group>";
		};
		0E7AE02925D248ED00C8CB6C /* Products */ = {
			isa = PBXGroup;
			children = (
				0E7AE02825D248ED00C8CB6C /* SampleVideoChat.app */,
			);
			name = Products;
			sourceTree = "<group>";
		};
		0E7AE02A25D248ED00C8CB6C /* SampleVideoChat */ = {
			isa = PBXGroup;
			children = (
				0E7AE02B25D248ED00C8CB6C /* AppDelegate.swift */,
				0E7AE02D25D248ED00C8CB6C /* SceneDelegate.swift */,
				0E7AE02F25D248ED00C8CB6C /* VideoChatViewController.swift */,
				0E7AE03125D248ED00C8CB6C /* Main.storyboard */,
				0E7AE03425D248EF00C8CB6C /* Assets.xcassets */,
				0E7AE03625D248EF00C8CB6C /* LaunchScreen.storyboard */,
				0E7AE03925D248EF00C8CB6C /* Info.plist */,
			);
			path = SampleVideoChat;
			sourceTree = "<group>";
		};
		6DB3903237A8C08BC5AFE84F /* Pods */ = {
			isa = PBXGroup;
			children = (
				245F5C2E64E852959A556FC0 /* Pods-SampleVideoChat.debug.xcconfig */,
				BD0E19AD96BAC3CCADC8B6C1 /* Pods-SampleVideoChat.release.xcconfig */,
			);
			path = Pods;
			sourceTree = "<group>";
		};
		731055E014F9245E6C5BEAC2 /* Frameworks */ = {
			isa = PBXGroup;
			children = (
				75744A1CBE4A4FC5CBC7F229 /* Pods_SampleVideoChat.framework */,
			);
			name = Frameworks;
			sourceTree = "<group>";
		};
/* End PBXGroup section */

/* Begin PBXNativeTarget section */
		0E7AE02725D248ED00C8CB6C /* SampleVideoChat */ = {
			isa = PBXNativeTarget;
			buildConfigurationList = 0E7AE03C25D248EF00C8CB6C /* Build configuration list for PBXNativeTarget "SampleVideoChat" */;
			buildPhases = (
				58AB6FE358D51F6C17EF33C6 /* [CP] Check Pods Manifest.lock */,
				0E7AE02425D248ED00C8CB6C /* Sources */,
				0E7AE02525D248ED00C8CB6C /* Frameworks */,
				0E7AE02625D248ED00C8CB6C /* Resources */,
			);
			buildRules = (
			);
			dependencies = (
			);
			name = SampleVideoChat;
			productName = SampleVideoChat;
			productReference = 0E7AE02825D248ED00C8CB6C /* SampleVideoChat.app */;
			productType = "com.apple.product-type.application";
		};
/* End PBXNativeTarget section */

/* Begin PBXProject section */
		0E7AE02025D248ED00C8CB6C /* Project object */ = {
			isa = PBXProject;
			attributes = {
				LastSwiftUpdateCheck = 1220;
				LastUpgradeCheck = 1220;
				TargetAttributes = {
					0E7AE02725D248ED00C8CB6C = {
						CreatedOnToolsVersion = 12.2;
					};
				};
			};
			buildConfigurationList = 0E7AE02325D248ED00C8CB6C /* Build configuration list for PBXProject "SampleVideoChat" */;
			compatibilityVersion = "Xcode 9.3";
			developmentRegion = en;
			hasScannedForEncodings = 0;
			knownRegions = (
				en,
				Base,
			);
			mainGroup = 0E7AE01F25D248ED00C8CB6C;
			productRefGroup = 0E7AE02925D248ED00C8CB6C /* Products */;
			projectDirPath = "";
			projectRoot = "";
			targets = (
				0E7AE02725D248ED00C8CB6C /* SampleVideoChat */,
			);
		};
/* End PBXProject section */

/* Begin PBXResourcesBuildPhase section */
		0E7AE02625D248ED00C8CB6C /* Resources */ = {
			isa = PBXResourcesBuildPhase;
			buildActionMask = 2147483647;
			files = (
				0E7AE03825D248EF00C8CB6C /* LaunchScreen.storyboard in Resources */,
				0E7AE03525D248EF00C8CB6C /* Assets.xcassets in Resources */,
				0E7AE03325D248ED00C8CB6C /* Main.storyboard in Resources */,
			);
			runOnlyForDeploymentPostprocessing = 0;
		};
/* End PBXResourcesBuildPhase section */

/* Begin PBXShellScriptBuildPhase section */
		58AB6FE358D51F6C17EF33C6 /* [CP] Check Pods Manifest.lock */ = {
			isa = PBXShellScriptBuildPhase;
			buildActionMask = 2147483647;
			files = (
			);
			inputFileListPaths = (
			);
			inputPaths = (
				"${PODS_PODFILE_DIR_PATH}/Podfile.lock",
				"${PODS_ROOT}/Manifest.lock",
			);
			name = "[CP] Check Pods Manifest.lock";
			outputFileListPaths = (
			);
			outputPaths = (
				"$(DERIVED_FILE_DIR)/Pods-SampleVideoChat-checkManifestLockResult.txt",
			);
			runOnlyForDeploymentPostprocessing = 0;
			shellPath = /bin/sh;
			shellScript = "diff \"${PODS_PODFILE_DIR_PATH}/Podfile.lock\" \"${PODS_ROOT}/Manifest.lock\" > /dev/null\nif [ $? != 0 ] ; then\n    # print error to STDERR\n    echo \"error: The sandbox is not in sync with the Podfile.lock. Run 'pod install' or update your CocoaPods installation.\" >&2\n    exit 1\nfi\n# This output is used by Xcode 'outputs' to avoid re-running this script phase.\necho \"SUCCESS\" > \"${SCRIPT_OUTPUT_FILE_0}\"\n";
			showEnvVarsInLog = 0;
		};
/* End PBXShellScriptBuildPhase section */

/* Begin PBXSourcesBuildPhase section */
		0E7AE02425D248ED00C8CB6C /* Sources */ = {
			isa = PBXSourcesBuildPhase;
			buildActionMask = 2147483647;
			files = (
				0E7AE03025D248ED00C8CB6C /* VideoChatViewController.swift in Sources */,
				0E7AE02C25D248ED00C8CB6C /* AppDelegate.swift in Sources */,
				0E7AE02E25D248ED00C8CB6C /* SceneDelegate.swift in Sources */,
			);
			runOnlyForDeploymentPostprocessing = 0;
		};
/* End PBXSourcesBuildPhase section */

/* Begin PBXVariantGroup section */
		0E7AE03125D248ED00C8CB6C /* Main.storyboard */ = {
			isa = PBXVariantGroup;
			children = (
				0E7AE03225D248ED00C8CB6C /* Base */,
			);
			name = Main.storyboard;
			sourceTree = "<group>";
		};
		0E7AE03625D248EF00C8CB6C /* LaunchScreen.storyboard */ = {
			isa = PBXVariantGroup;
			children = (
				0E7AE03725D248EF00C8CB6C /* Base */,
			);
			name = LaunchScreen.storyboard;
			sourceTree = "<group>";
		};
/* End PBXVariantGroup section */

/* Begin XCBuildConfiguration section */
		0E7AE03A25D248EF00C8CB6C /* Debug */ = {
			isa = XCBuildConfiguration;
			buildSettings = {
				ALWAYS_SEARCH_USER_PATHS = NO;
				CLANG_ANALYZER_NONNULL = YES;
				CLANG_ANALYZER_NUMBER_OBJECT_CONVERSION = YES_AGGRESSIVE;
				CLANG_CXX_LANGUAGE_STANDARD = "gnu++14";
				CLANG_CXX_LIBRARY = "libc++";
				CLANG_ENABLE_MODULES = YES;
				CLANG_ENABLE_OBJC_ARC = YES;
				CLANG_ENABLE_OBJC_WEAK = YES;
				CLANG_WARN_BLOCK_CAPTURE_AUTORELEASING = YES;
				CLANG_WARN_BOOL_CONVERSION = YES;
				CLANG_WARN_COMMA = YES;
				CLANG_WARN_CONSTANT_CONVERSION = YES;
				CLANG_WARN_DEPRECATED_OBJC_IMPLEMENTATIONS = YES;
				CLANG_WARN_DIRECT_OBJC_ISA_USAGE = YES_ERROR;
				CLANG_WARN_DOCUMENTATION_COMMENTS = YES;
				CLANG_WARN_EMPTY_BODY = YES;
				CLANG_WARN_ENUM_CONVERSION = YES;
				CLANG_WARN_INFINITE_RECURSION = YES;
				CLANG_WARN_INT_CONVERSION = YES;
				CLANG_WARN_NON_LITERAL_NULL_CONVERSION = YES;
				CLANG_WARN_OBJC_IMPLICIT_RETAIN_SELF = YES;
				CLANG_WARN_OBJC_LITERAL_CONVERSION = YES;
				CLANG_WARN_OBJC_ROOT_CLASS = YES_ERROR;
				CLANG_WARN_QUOTED_INCLUDE_IN_FRAMEWORK_HEADER = YES;
				CLANG_WARN_RANGE_LOOP_ANALYSIS = YES;
				CLANG_WARN_STRICT_PROTOTYPES = YES;
				CLANG_WARN_SUSPICIOUS_MOVE = YES;
				CLANG_WARN_UNGUARDED_AVAILABILITY = YES_AGGRESSIVE;
				CLANG_WARN_UNREACHABLE_CODE = YES;
				CLANG_WARN__DUPLICATE_METHOD_MATCH = YES;
				COPY_PHASE_STRIP = NO;
				DEBUG_INFORMATION_FORMAT = dwarf;
				ENABLE_STRICT_OBJC_MSGSEND = YES;
				ENABLE_TESTABILITY = YES;
				GCC_C_LANGUAGE_STANDARD = gnu11;
				GCC_DYNAMIC_NO_PIC = NO;
				GCC_NO_COMMON_BLOCKS = YES;
				GCC_OPTIMIZATION_LEVEL = 0;
				GCC_PREPROCESSOR_DEFINITIONS = (
					"DEBUG=1",
					"$(inherited)",
				);
				GCC_WARN_64_TO_32_BIT_CONVERSION = YES;
				GCC_WARN_ABOUT_RETURN_TYPE = YES_ERROR;
				GCC_WARN_UNDECLARED_SELECTOR = YES;
				GCC_WARN_UNINITIALIZED_AUTOS = YES_AGGRESSIVE;
				GCC_WARN_UNUSED_FUNCTION = YES;
				GCC_WARN_UNUSED_VARIABLE = YES;
				IPHONEOS_DEPLOYMENT_TARGET = 13.0;
				MTL_ENABLE_DEBUG_INFO = INCLUDE_SOURCE;
				MTL_FAST_MATH = YES;
				ONLY_ACTIVE_ARCH = YES;
				SDKROOT = iphoneos;
				SWIFT_ACTIVE_COMPILATION_CONDITIONS = DEBUG;
				SWIFT_OPTIMIZATION_LEVEL = "-Onone";
			};
			name = Debug;
		};
		0E7AE03B25D248EF00C8CB6C /* Release */ = {
			isa = XCBuildConfiguration;
			buildSettings = {
				ALWAYS_SEARCH_USER_PATHS = NO;
				CLANG_ANALYZER_NONNULL = YES;
				CLANG_ANALYZER_NUMBER_OBJECT_CONVERSION = YES_AGGRESSIVE;
				CLANG_CXX_LANGUAGE_STANDARD = "gnu++14";
				CLANG_CXX_LIBRARY = "libc++";
				CLANG_ENABLE_MODULES = YES;
				CLANG_ENABLE_OBJC_ARC = YES;
				CLANG_ENABLE_OBJC_WEAK = YES;
				CLANG_WARN_BLOCK_CAPTURE_AUTORELEASING = YES;
				CLANG_WARN_BOOL_CONVERSION = YES;
				CLANG_WARN_COMMA = YES;
				CLANG_WARN_CONSTANT_CONVERSION = YES;
				CLANG_WARN_DEPRECATED_OBJC_IMPLEMENTATIONS = YES;
				CLANG_WARN_DIRECT_OBJC_ISA_USAGE = YES_ERROR;
				CLANG_WARN_DOCUMENTATION_COMMENTS = YES;
				CLANG_WARN_EMPTY_BODY = YES;
				CLANG_WARN_ENUM_CONVERSION = YES;
				CLANG_WARN_INFINITE_RECURSION = YES;
				CLANG_WARN_INT_CONVERSION = YES;
				CLANG_WARN_NON_LITERAL_NULL_CONVERSION = YES;
				CLANG_WARN_OBJC_IMPLICIT_RETAIN_SELF = YES;
				CLANG_WARN_OBJC_LITERAL_CONVERSION = YES;
				CLANG_WARN_OBJC_ROOT_CLASS = YES_ERROR;
				CLANG_WARN_QUOTED_INCLUDE_IN_FRAMEWORK_HEADER = YES;
				CLANG_WARN_RANGE_LOOP_ANALYSIS = YES;
				CLANG_WARN_STRICT_PROTOTYPES = YES;
				CLANG_WARN_SUSPICIOUS_MOVE = YES;
				CLANG_WARN_UNGUARDED_AVAILABILITY = YES_AGGRESSIVE;
				CLANG_WARN_UNREACHABLE_CODE = YES;
				CLANG_WARN__DUPLICATE_METHOD_MATCH = YES;
				COPY_PHASE_STRIP = NO;
				DEBUG_INFORMATION_FORMAT = "dwarf-with-dsym";
				ENABLE_NS_ASSERTIONS = NO;
				ENABLE_STRICT_OBJC_MSGSEND = YES;
				GCC_C_LANGUAGE_STANDARD = gnu11;
				GCC_NO_COMMON_BLOCKS = YES;
				GCC_WARN_64_TO_32_BIT_CONVERSION = YES;
				GCC_WARN_ABOUT_RETURN_TYPE = YES_ERROR;
				GCC_WARN_UNDECLARED_SELECTOR = YES;
				GCC_WARN_UNINITIALIZED_AUTOS = YES_AGGRESSIVE;
				GCC_WARN_UNUSED_FUNCTION = YES;
				GCC_WARN_UNUSED_VARIABLE = YES;
				IPHONEOS_DEPLOYMENT_TARGET = 13.0;
				MTL_ENABLE_DEBUG_INFO = NO;
				MTL_FAST_MATH = YES;
				SDKROOT = iphoneos;
				SWIFT_COMPILATION_MODE = wholemodule;
				SWIFT_OPTIMIZATION_LEVEL = "-O";
				VALIDATE_PRODUCT = YES;
			};
			name = Release;
		};
		0E7AE03D25D248EF00C8CB6C /* Debug */ = {
			isa = XCBuildConfiguration;
			baseConfigurationReference = 245F5C2E64E852959A556FC0 /* Pods-SampleVideoChat.debug.xcconfig */;
			buildSettings = {
				ASSETCATALOG_COMPILER_APPICON_NAME = AppIcon;
				ASSETCATALOG_COMPILER_GLOBAL_ACCENT_COLOR_NAME = AccentColor;
				CODE_SIGN_STYLE = Automatic;
				DEVELOPMENT_TEAM = 35848628QY;
				INFOPLIST_FILE = SampleVideoChat/Info.plist;
				IPHONEOS_DEPLOYMENT_TARGET = 13.0;
				LD_RUNPATH_SEARCH_PATHS = (
					"$(inherited)",
					"@executable_path/Frameworks",
				);
				PRODUCT_BUNDLE_IDENTIFIER = Sonicmoov.SampleVideoChat;
				PRODUCT_NAME = "$(TARGET_NAME)";
				SWIFT_VERSION = 5.0;
				TARGETED_DEVICE_FAMILY = 1;
			};
			name = Debug;
		};
		0E7AE03E25D248EF00C8CB6C /* Release */ = {
			isa = XCBuildConfiguration;
			baseConfigurationReference = BD0E19AD96BAC3CCADC8B6C1 /* Pods-SampleVideoChat.release.xcconfig */;
			buildSettings = {
				ASSETCATALOG_COMPILER_APPICON_NAME = AppIcon;
				ASSETCATALOG_COMPILER_GLOBAL_ACCENT_COLOR_NAME = AccentColor;
				CODE_SIGN_STYLE = Automatic;
				DEVELOPMENT_TEAM = 35848628QY;
				INFOPLIST_FILE = SampleVideoChat/Info.plist;
				IPHONEOS_DEPLOYMENT_TARGET = 13.0;
				LD_RUNPATH_SEARCH_PATHS = (
					"$(inherited)",
					"@executable_path/Frameworks",
				);
				PRODUCT_BUNDLE_IDENTIFIER = Sonicmoov.SampleVideoChat;
				PRODUCT_NAME = "$(TARGET_NAME)";
				SWIFT_VERSION = 5.0;
				TARGETED_DEVICE_FAMILY = 1;
			};
			name = Release;
		};
/* End XCBuildConfiguration section */

/* Begin XCConfigurationList section */
		0E7AE02325D248ED00C8CB6C /* Build configuration list for PBXProject "SampleVideoChat" */ = {
			isa = XCConfigurationList;
			buildConfigurations = (
				0E7AE03A25D248EF00C8CB6C /* Debug */,
				0E7AE03B25D248EF00C8CB6C /* Release */,
			);
			defaultConfigurationIsVisible = 0;
			defaultConfigurationName = Release;
		};
		0E7AE03C25D248EF00C8CB6C /* Build configuration list for PBXNativeTarget "SampleVideoChat" */ = {
			isa = XCConfigurationList;
			buildConfigurations = (
				0E7AE03D25D248EF00C8CB6C /* Debug */,
				0E7AE03E25D248EF00C8CB6C /* Release */,
			);
			defaultConfigurationIsVisible = 0;
			defaultConfigurationName = Release;
		};
/* End XCConfigurationList section */
	};
	rootObject = 0E7AE02025D248ED00C8CB6C /* Project object */;
}
